<?xml version="1.0" encoding="utf-8"?>
<Project ToolsVersion="4.0" xmlns="http://schemas.microsoft.com/developer/msbuild/2003">
  <ItemGroup>
    <Filter Include="Source Files">
      <UniqueIdentifier>{4FC737F1-C7A5-4376-A066-2A32D752A2FF}</UniqueIdentifier>
      <Extensions>cpp;c;cc;cxx;def;odl;idl;hpj;bat;asm;asmx</Extensions>
    </Filter>
    <Filter Include="Header Files">
      <UniqueIdentifier>{93995380-89BD-4b04-88EB-625FBE52EBFB}</UniqueIdentifier>
      <Extensions>h;hh;hpp;hxx;hm;inl;inc;xsd</Extensions>
    </Filter>
    <Filter Include="Resource Files">
      <UniqueIdentifier>{67DA6AB6-F800-4c08-8B7A-83BB121AAD01}</UniqueIdentifier>
      <Extensions>rc;ico;cur;bmp;dlg;rc2;rct;bin;rgs;gif;jpg;jpeg;jpe;resx;tiff;tif;png;wav;mfcribbon-ms</Extensions>
    </Filter>
    <Filter Include="Resource Files\fonts">
      <UniqueIdentifier>{92395c30-71bf-4638-b0f3-03d25919aedc}</UniqueIdentifier>
    </Filter>
  </ItemGroup>
  <ItemGroup>
    <ClCompile Include="pong.cpp">
      <Filter>Source Files</Filter>
    </ClCompile>
    <ClCompile Include="Paddle.cpp">
      <Filter>Source Files</Filter>
    </ClCompile>
    <ClCompile Include="Ball.cpp">
      <Filter>Source Files</Filter>
    </ClCompile>
    <ClCompile Include="Wall.cpp">
      <Filter>Source Files</Filter>
    </ClCompile>
    <ClCompile Include="Config.cpp">
      <Filter>Source Files</Filter>
    </ClCompile>
    <ClCompile Include="GameObject.cpp">
      <Filter>Source Files</Filter>
    </ClCompile>
    <ClCompile Include="Vectors.cpp">
      <Filter>Source Files</Filter>
    </ClCompile>
    <ClCompile Include="ScoreKeeper.cpp">
      <Filter>Source Files</Filter>
    </ClCompile>
    <ClCompile Include="SoundManager.cpp">
      <Filter>Source Files</Filter>
    </ClCompile>
    <ClCompile Include="Component.cpp">
      <Filter>Source Files</Filter>
    </ClCompile>
    <ClCompile Include="ColliderComponent.cpp">
      <Filter>Source Files</Filter>
    </ClCompile>
    <ClCompile Include="MovementComponent.cpp">
      <Filter>Source Files</Filter>
    </ClCompile>
    <ClCompile Include="AIComponent.cpp">
      <Filter>Source Files</Filter>
    </ClCompile>
    <ClCompile Include="PlayerComponent.cpp">
      <Filter>Source Files</Filter>
    </ClCompile>
    <ClCompile Include="TransformComponent.cpp">
      <Filter>Source Files</Filter>
    </ClCompile>
    <ClCompile Include="GraphicComponent.cpp">
      <Filter>Source Files</Filter>
    </ClCompile>
    <ClCompile Include="ComponentManager.cpp">
      <Filter>Source Files</Filter>
    </ClCompile>
    <ClCompile Include="AudioComponent.cpp">
      <Filter>Source Files</Filter>
    </ClCompile>
    <ClCompile Include="Settings.cpp">
      <Filter>Source Files</Filter>
    </ClCompile>
  </ItemGroup>
  <ItemGroup>
    <ClInclude Include="Paddle.h">
      <Filter>Header Files</Filter>
    </ClInclude>
    <ClInclude Include="Ball.h">
      <Filter>Header Files</Filter>
    </ClInclude>
    <ClInclude Include="Wall.h">
      <Filter>Header Files</Filter>
    </ClInclude>
    <ClInclude Include="Config.h">
      <Filter>Header Files</Filter>
    </ClInclude>
    <ClInclude Include="GameObject.h">
      <Filter>Header Files</Filter>
    </ClInclude>
    <ClInclude Include="Vectors.h">
      <Filter>Header Files</Filter>
    </ClInclude>
    <ClInclude Include="ScoreKeeper.h">
      <Filter>Header Files</Filter>
    </ClInclude>
    <ClInclude Include="SoundManager.h">
      <Filter>Header Files</Filter>
    </ClInclude>
    <ClInclude Include="Component.h">
      <Filter>Header Files</Filter>
    </ClInclude>
    <ClInclude Include="ColliderComponent.h">
      <Filter>Header Files</Filter>
    </ClInclude>
    <ClInclude Include="MovementComponent.h">
      <Filter>Header Files</Filter>
    </ClInclude>
    <ClInclude Include="AIComponent.h">
      <Filter>Header Files</Filter>
    </ClInclude>
    <ClInclude Include="PlayerComponent.h">
      <Filter>Header Files</Filter>
    </ClInclude>
    <ClInclude Include="TransformComponent.h">
      <Filter>Header Files</Filter>
    </ClInclude>
    <ClInclude Include="GraphicComponent.h">
      <Filter>Header Files</Filter>
    </ClInclude>
    <ClInclude Include="ComponentManager.h">
      <Filter>Header Files</Filter>
    </ClInclude>
    <ClInclude Include="Contact.h">
      <Filter>Header Files</Filter>
    </ClInclude>
    <ClInclude Include="AudioComponent.h">
      <Filter>Header Files</Filter>
    </ClInclude>
    <ClInclude Include="Settings.h">
      <Filter>Header Files</Filter>
    </ClInclude>
  </ItemGroup>
</Project>